hash: fcb8fe376d9e4b9e293e10987f44cb20abae6143aa22eb4d1cb775726ca161e2
updated: 2018-08-08T13:10:59.371004-07:00
imports:
- name: github.com/apex/log
  version: 0296d6eb16bb28f8a0c55668affcf4876dc269be
- name: github.com/beorn7/perks
  version: 3a771d992973f24aa725d07868b467d1ddfceafb
  subpackages:
  - quantile
- name: github.com/go-redis/redis
  version: 480db94d33e6088e08d628833b6c0705451d24bb
  subpackages:
  - internal
  - internal/consistenthash
  - internal/hashtag
  - internal/pool
  - internal/proto
  - internal/singleflight
  - internal/util
- name: github.com/golang/glog
  version: 23def4e6c14b4da8ac2ed8007337bc5eb5007998
- name: github.com/golang/protobuf
  version: 89a0c16f4dc2a70c0ed864d8ef64878f24fdaa51
  subpackages:
  - proto
- name: github.com/matttproud/golang_protobuf_extensions
  version: c12348ce28de40eed0136aa2b644d0ee0650e56c
  subpackages:
  - pbutil
- name: github.com/pkg/errors
  version: 816c9085562cd7ee03e7f8188a1cfd942858cded
- name: github.com/prometheus/client_golang
  version: 967789050ba94deca04a5e84cce8ad472ce313c1
  subpackages:
  - prometheus
- name: github.com/prometheus/client_model
  version: 5c3871d89910bfb32f5fcab2aa4b9ec68e65a99f
  subpackages:
  - go
- name: github.com/prometheus/common
  version: c7de2306084e37d54b8be01f3541a8464345e9a5
  subpackages:
  - expfmt
  - internal/bitbucket.org/ww/goautoneg
  - model
  - version
- name: github.com/prometheus/procfs
  version: 05ee40e3a273f7245e8777337fc7b46e533a9a92
  subpackages:
  - internal/util
  - nfs
  - xfs
testImports: []
